<?xml version="1.0" encoding="UTF-8" standalone="yes" ?>
<CodeBlocks_project_file>
	<FileVersion major="1" minor="6" />
	<Project>
		<Option title="minisynth" />
		<Option pch_mode="2" />
		<Option compiler="gcc" />
		<Build>
			<Target title="Debug">
				<Option output="bin/Debug/minisynth" prefix_auto="1" extension_auto="1" />
				<Option object_output="obj/Debug/" />
				<Option type="1" />
				<Option compiler="gcc" />
				<Compiler>
					<Add option="-g" />
					<Add directory="include" />
					<Add directory="include/ui" />
				</Compiler>
			</Target>
			<Target title="Release">
				<Option output="bin/Release/minisynth" prefix_auto="1" extension_auto="1" />
				<Option object_output="obj/Release/" />
				<Option type="1" />
				<Option compiler="gcc" />
				<Compiler>
					<Add option="-O2" />
					<Add directory="include" />
					<Add directory="include/ui" />
				</Compiler>
				<Linker>
					<Add option="-s" />
				</Linker>
			</Target>
		</Build>
		<Compiler>
			<Add option="-Wall" />
		</Compiler>
		<Unit filename="include/AssetsRegistry.hpp" />
		<Unit filename="include/Interactable.hpp" />
		<Unit filename="include/SoundSynth.h" />
		<Unit filename="include/Utils.hpp" />
		<Unit filename="include/VirtualController.hpp" />
		<Unit filename="include/ui/BayanButton.hpp" />
		<Unit filename="include/ui/BayanKeyboard.hpp" />
		<Unit filename="include/ui/Button.hpp" />
		<Unit filename="include/ui/ElementManager.hpp" />
		<Unit filename="include/ui/Knob.hpp" />
		<Unit filename="include/ui/Label.hpp" />
		<Unit filename="include/ui/UIFactory.hpp" />
		<Unit filename="main.cpp" />
		<Unit filename="src/AssetsRegistry.cpp" />
		<Unit filename="src/SoundSynth.cpp" />
		<Unit filename="src/VirtualController.cpp" />
		<Unit filename="src/ui/BayanButton.cpp" />
		<Unit filename="src/ui/BayanKeyboard.cpp" />
		<Unit filename="src/ui/Button.cpp" />
		<Unit filename="src/ui/ElementManager.cpp" />
		<Unit filename="src/ui/Knob.cpp" />
		<Unit filename="src/ui/Label.cpp" />
		<Unit filename="src/ui/UIFactory.cpp" />
		<Extensions>
			<code_completion />
			<envvars />
			<debugger />
		</Extensions>
	</Project>
</CodeBlocks_project_file>
